
Microsoft Visual Studio Solution File, Format Version 12.00
# Visual Studio Version 17
VisualStudioVersion = 17.14.36915.13 d17.14
MinimumVisualStudioVersion = 10.0.40219.1
Project("{FAE04EC0-301F-11D3-BF4B-00C04F79EFBC}") = "Itecnous.AI.OpenAI", "Itecnous.AI.OpenAI.csproj", "{73AD55B1-74A6-EBDF-E363-14F3947E4265}"
EndProject
Global
	GlobalSection(SolutionConfigurationPlatforms) = preSolution
		Debug|Any CPU = Debug|Any CPU
		Release|Any CPU = Release|Any CPU
	EndGlobalSection
	GlobalSection(ProjectConfigurationPlatforms) = postSolution
		{73AD55B1-74A6-EBDF-E363-14F3947E4265}.Debug|Any CPU.ActiveCfg = Debug|Any CPU
		{73AD55B1-74A6-EBDF-E363-14F3947E4265}.Debug|Any CPU.Build.0 = Debug|Any CPU
		{73AD55B1-74A6-EBDF-E363-14F3947E4265}.Release|Any CPU.ActiveCfg = Release|Any CPU
		{73AD55B1-74A6-EBDF-E363-14F3947E4265}.Release|Any CPU.Build.0 = Release|Any CPU
	EndGlobalSection
	GlobalSection(SolutionProperties) = preSolution
		HideSolutionNode = FALSE
	EndGlobalSection
	GlobalSection(ExtensibilityGlobals) = postSolution
		SolutionGuid = {8309F226-0C15-4A53-8322-A56637B6E718}
	EndGlobalSection
EndGlobal
